
Microsoft Visual Studio Solution File, Format Version 12.00
Project("{F2A71F9B-5D33-465A-A702-920D77279786}") = "Tests", "Tests\Tests.fsproj", "{465C47E5-D9DF-402A-91A8-C5049C6A4A2B}"
EndProject
Project("{2150E333-8FDC-42A3-9474-1A3956D46DE8}") = "Days", "Days", "{8EAB79DB-784D-4DF0-9A5C-EFB85BDD788F}"
EndProject
Project("{2150E333-8FDC-42A3-9474-1A3956D46DE8}") = "Common", "Common", "{92524FA0-E3F0-4424-92E9-86BE7BC8952E}"
EndProject
Project("{F2A71F9B-5D33-465A-A702-920D77279786}") = "Common", "Common\Common.fsproj", "{5E00AA7B-C261-4932-AEC1-EA5B84EB8287}"
EndProject
Project("{F2A71F9B-5D33-465A-A702-920D77279786}") = "Day1", "Day1\Day1.fsproj", "{38023237-A2B1-4325-8684-C83CF8AA8722}"
EndProject
Project("{F2A71F9B-5D33-465A-A702-920D77279786}") = "Day2", "Day2\Day2.fsproj", "{75C607A6-3103-4518-AC85-292ACB1312CF}"
EndProject
Project("{F2A71F9B-5D33-465A-A702-920D77279786}") = "Day3", "Day3\Day3.fsproj", "{1DA9F964-1329-4A3F-80DD-33F8B5272236}"
EndProject
Global
	GlobalSection(SolutionConfigurationPlatforms) = preSolution
		Debug|Any CPU = Debug|Any CPU
		Release|Any CPU = Release|Any CPU
	EndGlobalSection
	GlobalSection(ProjectConfigurationPlatforms) = postSolution
		{465C47E5-D9DF-402A-91A8-C5049C6A4A2B}.Debug|Any CPU.ActiveCfg = Debug|Any CPU
		{465C47E5-D9DF-402A-91A8-C5049C6A4A2B}.Debug|Any CPU.Build.0 = Debug|Any CPU
		{465C47E5-D9DF-402A-91A8-C5049C6A4A2B}.Release|Any CPU.ActiveCfg = Release|Any CPU
		{465C47E5-D9DF-402A-91A8-C5049C6A4A2B}.Release|Any CPU.Build.0 = Release|Any CPU
		{5E00AA7B-C261-4932-AEC1-EA5B84EB8287}.Debug|Any CPU.ActiveCfg = Debug|Any CPU
		{5E00AA7B-C261-4932-AEC1-EA5B84EB8287}.Debug|Any CPU.Build.0 = Debug|Any CPU
		{5E00AA7B-C261-4932-AEC1-EA5B84EB8287}.Release|Any CPU.ActiveCfg = Release|Any CPU
		{5E00AA7B-C261-4932-AEC1-EA5B84EB8287}.Release|Any CPU.Build.0 = Release|Any CPU
		{38023237-A2B1-4325-8684-C83CF8AA8722}.Debug|Any CPU.ActiveCfg = Debug|Any CPU
		{38023237-A2B1-4325-8684-C83CF8AA8722}.Debug|Any CPU.Build.0 = Debug|Any CPU
		{38023237-A2B1-4325-8684-C83CF8AA8722}.Release|Any CPU.ActiveCfg = Release|Any CPU
		{38023237-A2B1-4325-8684-C83CF8AA8722}.Release|Any CPU.Build.0 = Release|Any CPU
		{75C607A6-3103-4518-AC85-292ACB1312CF}.Debug|Any CPU.ActiveCfg = Debug|Any CPU
		{75C607A6-3103-4518-AC85-292ACB1312CF}.Debug|Any CPU.Build.0 = Debug|Any CPU
		{75C607A6-3103-4518-AC85-292ACB1312CF}.Release|Any CPU.ActiveCfg = Release|Any CPU
		{75C607A6-3103-4518-AC85-292ACB1312CF}.Release|Any CPU.Build.0 = Release|Any CPU
		{1DA9F964-1329-4A3F-80DD-33F8B5272236}.Debug|Any CPU.ActiveCfg = Debug|Any CPU
		{1DA9F964-1329-4A3F-80DD-33F8B5272236}.Debug|Any CPU.Build.0 = Debug|Any CPU
		{1DA9F964-1329-4A3F-80DD-33F8B5272236}.Release|Any CPU.ActiveCfg = Release|Any CPU
		{1DA9F964-1329-4A3F-80DD-33F8B5272236}.Release|Any CPU.Build.0 = Release|Any CPU
	EndGlobalSection
	GlobalSection(NestedProjects) = preSolution
		{5E00AA7B-C261-4932-AEC1-EA5B84EB8287} = {92524FA0-E3F0-4424-92E9-86BE7BC8952E}
		{38023237-A2B1-4325-8684-C83CF8AA8722} = {8EAB79DB-784D-4DF0-9A5C-EFB85BDD788F}
		{75C607A6-3103-4518-AC85-292ACB1312CF} = {8EAB79DB-784D-4DF0-9A5C-EFB85BDD788F}
		{1DA9F964-1329-4A3F-80DD-33F8B5272236} = {8EAB79DB-784D-4DF0-9A5C-EFB85BDD788F}
	EndGlobalSection
EndGlobal
